// !$*UTF8*$!
{
	archiveVersion = 1;
	classes = {
	};
	objectVersion = 52;
	objects = {

/* Begin PBXBuildFile section */
		69104405F70528F79C7FFDFF /* Pods_art.framework in Frameworks */ = {isa = PBXBuildFile; fileRef = E28B3C26495BA8903D6DD067 /* Pods_art.framework */; };
		73FA3D480DA47A7F16E106BC /* Pods_art_artUITests.framework in Frameworks */ = {isa = PBXBuildFile; fileRef = F595D08D358FDB2451A3B6F8 /* Pods_art_artUITests.framework */; };
		84998A6E26810DDB009084B9 /* ViewItemViewController.swift in Sources */ = {isa = PBXBuildFile; fileRef = 84998A6D26810DDB009084B9 /* ViewItemViewController.swift */; };
		84D70F7B267BAC9200A6ABF5 /* Kingfisher in Frameworks */ = {isa = PBXBuildFile; productRef = 84D70F7A267BAC9200A6ABF5 /* Kingfisher */; };
		AD0075BE26872E9C0050C566 /* MyItemsViewController.swift in Sources */ = {isa = PBXBuildFile; fileRef = AD0075BD26872E9C0050C566 /* MyItemsViewController.swift */; };
		AD1F23D1267FB0D900515391 /* AccountViewController.swift in Sources */ = {isa = PBXBuildFile; fileRef = AD1F23D0267FB0D900515391 /* AccountViewController.swift */; };
		AD1F23D3267FB39D00515391 /* AccountItemTableViewCell.swift in Sources */ = {isa = PBXBuildFile; fileRef = AD1F23D2267FB39D00515391 /* AccountItemTableViewCell.swift */; };
		AD1F23D526811F4D00515391 /* LoginViewController.swift in Sources */ = {isa = PBXBuildFile; fileRef = AD1F23D426811F4D00515391 /* LoginViewController.swift */; };
		AD1F23D726811F8100515391 /* RegisterViewController.swift in Sources */ = {isa = PBXBuildFile; fileRef = AD1F23D626811F8100515391 /* RegisterViewController.swift */; };
		AD53DE87266F560100AA81E3 /* ModelFirebase.swift in Sources */ = {isa = PBXBuildFile; fileRef = AD53DE86266F560100AA81E3 /* ModelFirebase.swift */; };
		ADA0CFE7266EB72A00F1F958 /* ItemModel.xcdatamodeld in Sources */ = {isa = PBXBuildFile; fileRef = ADA0CFE5266EB72A00F1F958 /* ItemModel.xcdatamodeld */; };
		ADA0CFEA266EB75A00F1F958 /* Item+CoreDataClass.swift in Sources */ = {isa = PBXBuildFile; fileRef = ADA0CFE8266EB75A00F1F958 /* Item+CoreDataClass.swift */; };
		ADA0CFEB266EB75A00F1F958 /* Item+CoreDataProperties.swift in Sources */ = {isa = PBXBuildFile; fileRef = ADA0CFE9266EB75A00F1F958 /* Item+CoreDataProperties.swift */; };
		ADA0CFED266EB82000F1F958 /* AddItemViewController.swift in Sources */ = {isa = PBXBuildFile; fileRef = ADA0CFEC266EB82000F1F958 /* AddItemViewController.swift */; };
		ADA0CFF1266F4E1600F1F958 /* GoogleService-Info.plist in Resources */ = {isa = PBXBuildFile; fileRef = ADA0CFF0266F4E1600F1F958 /* GoogleService-Info.plist */; };
		ADBE3CD6266E9F02009C89BD /* AppDelegate.swift in Sources */ = {isa = PBXBuildFile; fileRef = ADBE3CD5266E9F02009C89BD /* AppDelegate.swift */; };
		ADBE3CD8266E9F02009C89BD /* SceneDelegate.swift in Sources */ = {isa = PBXBuildFile; fileRef = ADBE3CD7266E9F02009C89BD /* SceneDelegate.swift */; };
		ADBE3CDA266E9F02009C89BD /* ViewController.swift in Sources */ = {isa = PBXBuildFile; fileRef = ADBE3CD9266E9F02009C89BD /* ViewController.swift */; };
		ADBE3CDD266E9F02009C89BD /* Main.storyboard in Resources */ = {isa = PBXBuildFile; fileRef = ADBE3CDB266E9F02009C89BD /* Main.storyboard */; };
		ADBE3CE0266E9F02009C89BD /* art.xcdatamodeld in Sources */ = {isa = PBXBuildFile; fileRef = ADBE3CDE266E9F02009C89BD /* art.xcdatamodeld */; };
		ADBE3CE2266E9F02009C89BD /* Assets.xcassets in Resources */ = {isa = PBXBuildFile; fileRef = ADBE3CE1266E9F02009C89BD /* Assets.xcassets */; };
		ADBE3CE5266E9F02009C89BD /* LaunchScreen.storyboard in Resources */ = {isa = PBXBuildFile; fileRef = ADBE3CE3266E9F02009C89BD /* LaunchScreen.storyboard */; };
		ADBE3CF0266E9F02009C89BD /* artTests.swift in Sources */ = {isa = PBXBuildFile; fileRef = ADBE3CEF266E9F02009C89BD /* artTests.swift */; };
		ADBE3CFB266E9F02009C89BD /* artUITests.swift in Sources */ = {isa = PBXBuildFile; fileRef = ADBE3CFA266E9F02009C89BD /* artUITests.swift */; };
		ADBE3D11266EA27B009C89BD /* Model.swift in Sources */ = {isa = PBXBuildFile; fileRef = ADBE3D10266EA27B009C89BD /* Model.swift */; };
		ADBE3D13266EA2EF009C89BD /* ShopViewController.swift in Sources */ = {isa = PBXBuildFile; fileRef = ADBE3D12266EA2EF009C89BD /* ShopViewController.swift */; };
		ADBE3D15266EA5A4009C89BD /* ShopListTableViewCell.swift in Sources */ = {isa = PBXBuildFile; fileRef = ADBE3D14266EA5A4009C89BD /* ShopListTableViewCell.swift */; };
		BFF35534AAEABDB2F20FF0E0 /* Pods_artTests.framework in Frameworks */ = {isa = PBXBuildFile; fileRef = 7D960F12BE30B7015EB8546D /* Pods_artTests.framework */; };
/* End PBXBuildFile section */

/* Begin PBXContainerItemProxy section */
		ADBE3CEC266E9F02009C89BD /* PBXContainerItemProxy */ = {
			isa = PBXContainerItemProxy;
			containerPortal = ADBE3CCA266E9F01009C89BD /* Project object */;
			proxyType = 1;
			remoteGlobalIDString = ADBE3CD1266E9F02009C89BD;
			remoteInfo = art;
		};
		ADBE3CF7266E9F02009C89BD /* PBXContainerItemProxy */ = {
			isa = PBXContainerItemProxy;
			containerPortal = ADBE3CCA266E9F01009C89BD /* Project object */;
			proxyType = 1;
			remoteGlobalIDString = ADBE3CD1266E9F02009C89BD;
			remoteInfo = art;
		};
/* End PBXContainerItemProxy section */

/* Begin PBXFileReference section */
		06AE794D797A165651DF47E2 /* Pods-art-artUITests.debug.xcconfig */ = {isa = PBXFileReference; includeInIndex = 1; lastKnownFileType = text.xcconfig; name = "Pods-art-artUITests.debug.xcconfig"; path = "Target Support Files/Pods-art-artUITests/Pods-art-artUITests.debug.xcconfig"; sourceTree = "<group>"; };
		0C3C0B866A9C49C8491CBD41 /* Pods-artTests.debug.xcconfig */ = {isa = PBXFileReference; includeInIndex = 1; lastKnownFileType = text.xcconfig; name = "Pods-artTests.debug.xcconfig"; path = "Target Support Files/Pods-artTests/Pods-artTests.debug.xcconfig"; sourceTree = "<group>"; };
		182F393CF7DDF3B7322CB1A5 /* Pods-art.release.xcconfig */ = {isa = PBXFileReference; includeInIndex = 1; lastKnownFileType = text.xcconfig; name = "Pods-art.release.xcconfig"; path = "Target Support Files/Pods-art/Pods-art.release.xcconfig"; sourceTree = "<group>"; };
		7978FEE22AE9455DC64CEEC5 /* Pods-art-artUITests.release.xcconfig */ = {isa = PBXFileReference; includeInIndex = 1; lastKnownFileType = text.xcconfig; name = "Pods-art-artUITests.release.xcconfig"; path = "Target Support Files/Pods-art-artUITests/Pods-art-artUITests.release.xcconfig"; sourceTree = "<group>"; };
		7D960F12BE30B7015EB8546D /* Pods_artTests.framework */ = {isa = PBXFileReference; explicitFileType = wrapper.framework; includeInIndex = 0; path = Pods_artTests.framework; sourceTree = BUILT_PRODUCTS_DIR; };
		84998A6D26810DDB009084B9 /* ViewItemViewController.swift */ = {isa = PBXFileReference; lastKnownFileType = sourcecode.swift; path = ViewItemViewController.swift; sourceTree = "<group>"; };
		9C22B8A8E5DC4BE679A84102 /* Pods-artTests.release.xcconfig */ = {isa = PBXFileReference; includeInIndex = 1; lastKnownFileType = text.xcconfig; name = "Pods-artTests.release.xcconfig"; path = "Target Support Files/Pods-artTests/Pods-artTests.release.xcconfig"; sourceTree = "<group>"; };
		AD0075BD26872E9C0050C566 /* MyItemsViewController.swift */ = {isa = PBXFileReference; lastKnownFileType = sourcecode.swift; path = MyItemsViewController.swift; sourceTree = "<group>"; };
		AD1F23D0267FB0D900515391 /* AccountViewController.swift */ = {isa = PBXFileReference; lastKnownFileType = sourcecode.swift; path = AccountViewController.swift; sourceTree = "<group>"; };
		AD1F23D2267FB39D00515391 /* AccountItemTableViewCell.swift */ = {isa = PBXFileReference; lastKnownFileType = sourcecode.swift; path = AccountItemTableViewCell.swift; sourceTree = "<group>"; };
		AD1F23D426811F4D00515391 /* LoginViewController.swift */ = {isa = PBXFileReference; lastKnownFileType = sourcecode.swift; path = LoginViewController.swift; sourceTree = "<group>"; };
		AD1F23D626811F8100515391 /* RegisterViewController.swift */ = {isa = PBXFileReference; lastKnownFileType = sourcecode.swift; path = RegisterViewController.swift; sourceTree = "<group>"; };
		AD53DE86266F560100AA81E3 /* ModelFirebase.swift */ = {isa = PBXFileReference; lastKnownFileType = sourcecode.swift; path = ModelFirebase.swift; sourceTree = "<group>"; };
		ADA0CFE6266EB72A00F1F958 /* ItemModel.xcdatamodel */ = {isa = PBXFileReference; lastKnownFileType = wrapper.xcdatamodel; path = ItemModel.xcdatamodel; sourceTree = "<group>"; };
		ADA0CFE8266EB75A00F1F958 /* Item+CoreDataClass.swift */ = {isa = PBXFileReference; lastKnownFileType = sourcecode.swift; path = "Item+CoreDataClass.swift"; sourceTree = "<group>"; };
		ADA0CFE9266EB75A00F1F958 /* Item+CoreDataProperties.swift */ = {isa = PBXFileReference; lastKnownFileType = sourcecode.swift; path = "Item+CoreDataProperties.swift"; sourceTree = "<group>"; };
		ADA0CFEC266EB82000F1F958 /* AddItemViewController.swift */ = {isa = PBXFileReference; lastKnownFileType = sourcecode.swift; path = AddItemViewController.swift; sourceTree = "<group>"; };
		ADA0CFF0266F4E1600F1F958 /* GoogleService-Info.plist */ = {isa = PBXFileReference; fileEncoding = 4; lastKnownFileType = text.plist.xml; path = "GoogleService-Info.plist"; sourceTree = "<group>"; };
		ADBE3CD2266E9F02009C89BD /* art.app */ = {isa = PBXFileReference; explicitFileType = wrapper.application; includeInIndex = 0; path = art.app; sourceTree = BUILT_PRODUCTS_DIR; };
		ADBE3CD5266E9F02009C89BD /* AppDelegate.swift */ = {isa = PBXFileReference; lastKnownFileType = sourcecode.swift; path = AppDelegate.swift; sourceTree = "<group>"; };
		ADBE3CD7266E9F02009C89BD /* SceneDelegate.swift */ = {isa = PBXFileReference; lastKnownFileType = sourcecode.swift; path = SceneDelegate.swift; sourceTree = "<group>"; };
		ADBE3CD9266E9F02009C89BD /* ViewController.swift */ = {isa = PBXFileReference; lastKnownFileType = sourcecode.swift; path = ViewController.swift; sourceTree = "<group>"; };
		ADBE3CDC266E9F02009C89BD /* Base */ = {isa = PBXFileReference; lastKnownFileType = file.storyboard; name = Base; path = Base.lproj/Main.storyboard; sourceTree = "<group>"; };
		ADBE3CDF266E9F02009C89BD /* art.xcdatamodel */ = {isa = PBXFileReference; lastKnownFileType = wrapper.xcdatamodel; path = art.xcdatamodel; sourceTree = "<group>"; };
		ADBE3CE1266E9F02009C89BD /* Assets.xcassets */ = {isa = PBXFileReference; lastKnownFileType = folder.assetcatalog; path = Assets.xcassets; sourceTree = "<group>"; };
		ADBE3CE4266E9F02009C89BD /* Base */ = {isa = PBXFileReference; lastKnownFileType = file.storyboard; name = Base; path = Base.lproj/LaunchScreen.storyboard; sourceTree = "<group>"; };
		ADBE3CE6266E9F02009C89BD /* Info.plist */ = {isa = PBXFileReference; lastKnownFileType = text.plist.xml; path = Info.plist; sourceTree = "<group>"; };
		ADBE3CEB266E9F02009C89BD /* artTests.xctest */ = {isa = PBXFileReference; explicitFileType = wrapper.cfbundle; includeInIndex = 0; path = artTests.xctest; sourceTree = BUILT_PRODUCTS_DIR; };
		ADBE3CEF266E9F02009C89BD /* artTests.swift */ = {isa = PBXFileReference; lastKnownFileType = sourcecode.swift; path = artTests.swift; sourceTree = "<group>"; };
		ADBE3CF1266E9F02009C89BD /* Info.plist */ = {isa = PBXFileReference; lastKnownFileType = text.plist.xml; path = Info.plist; sourceTree = "<group>"; };
		ADBE3CF6266E9F02009C89BD /* artUITests.xctest */ = {isa = PBXFileReference; explicitFileType = wrapper.cfbundle; includeInIndex = 0; path = artUITests.xctest; sourceTree = BUILT_PRODUCTS_DIR; };
		ADBE3CFA266E9F02009C89BD /* artUITests.swift */ = {isa = PBXFileReference; lastKnownFileType = sourcecode.swift; path = artUITests.swift; sourceTree = "<group>"; };
		ADBE3CFC266E9F02009C89BD /* Info.plist */ = {isa = PBXFileReference; lastKnownFileType = text.plist.xml; path = Info.plist; sourceTree = "<group>"; };
		ADBE3D10266EA27B009C89BD /* Model.swift */ = {isa = PBXFileReference; lastKnownFileType = sourcecode.swift; path = Model.swift; sourceTree = "<group>"; };
		ADBE3D12266EA2EF009C89BD /* ShopViewController.swift */ = {isa = PBXFileReference; lastKnownFileType = sourcecode.swift; path = ShopViewController.swift; sourceTree = "<group>"; };
		ADBE3D14266EA5A4009C89BD /* ShopListTableViewCell.swift */ = {isa = PBXFileReference; lastKnownFileType = sourcecode.swift; path = ShopListTableViewCell.swift; sourceTree = "<group>"; };
		C566EAF6694D7B38FEBDA7F0 /* Pods-art.debug.xcconfig */ = {isa = PBXFileReference; includeInIndex = 1; lastKnownFileType = text.xcconfig; name = "Pods-art.debug.xcconfig"; path = "Target Support Files/Pods-art/Pods-art.debug.xcconfig"; sourceTree = "<group>"; };
		E28B3C26495BA8903D6DD067 /* Pods_art.framework */ = {isa = PBXFileReference; explicitFileType = wrapper.framework; includeInIndex = 0; path = Pods_art.framework; sourceTree = BUILT_PRODUCTS_DIR; };
		F595D08D358FDB2451A3B6F8 /* Pods_art_artUITests.framework */ = {isa = PBXFileReference; explicitFileType = wrapper.framework; includeInIndex = 0; path = Pods_art_artUITests.framework; sourceTree = BUILT_PRODUCTS_DIR; };
/* End PBXFileReference section */

/* Begin PBXFrameworksBuildPhase section */
		ADBE3CCF266E9F02009C89BD /* Frameworks */ = {
			isa = PBXFrameworksBuildPhase;
			buildActionMask = 2147483647;
			files = (
				84D70F7B267BAC9200A6ABF5 /* Kingfisher in Frameworks */,
				69104405F70528F79C7FFDFF /* Pods_art.framework in Frameworks */,
			);
			runOnlyForDeploymentPostprocessing = 0;
		};
		ADBE3CE8266E9F02009C89BD /* Frameworks */ = {
			isa = PBXFrameworksBuildPhase;
			buildActionMask = 2147483647;
			files = (
				BFF35534AAEABDB2F20FF0E0 /* Pods_artTests.framework in Frameworks */,
			);
			runOnlyForDeploymentPostprocessing = 0;
		};
		ADBE3CF3266E9F02009C89BD /* Frameworks */ = {
			isa = PBXFrameworksBuildPhase;
			buildActionMask = 2147483647;
			files = (
				73FA3D480DA47A7F16E106BC /* Pods_art_artUITests.framework in Frameworks */,
			);
			runOnlyForDeploymentPostprocessing = 0;
		};
/* End PBXFrameworksBuildPhase section */

/* Begin PBXGroup section */
		4CA828A95ECD4537DCD58737 /* Pods */ = {
			isa = PBXGroup;
			children = (
				C566EAF6694D7B38FEBDA7F0 /* Pods-art.debug.xcconfig */,
				182F393CF7DDF3B7322CB1A5 /* Pods-art.release.xcconfig */,
				06AE794D797A165651DF47E2 /* Pods-art-artUITests.debug.xcconfig */,
				7978FEE22AE9455DC64CEEC5 /* Pods-art-artUITests.release.xcconfig */,
				0C3C0B866A9C49C8491CBD41 /* Pods-artTests.debug.xcconfig */,
				9C22B8A8E5DC4BE679A84102 /* Pods-artTests.release.xcconfig */,
			);
			path = Pods;
			sourceTree = "<group>";
		};
		ADBE3CC9266E9F01009C89BD = {
			isa = PBXGroup;
			children = (
				ADBE3CD4266E9F02009C89BD /* art */,
				ADBE3CEE266E9F02009C89BD /* artTests */,
				ADBE3CF9266E9F02009C89BD /* artUITests */,
				ADBE3CD3266E9F02009C89BD /* Products */,
				4CA828A95ECD4537DCD58737 /* Pods */,
				FCE29242C5BF3F380AD944F7 /* Frameworks */,
			);
			sourceTree = "<group>";
		};
		ADBE3CD3266E9F02009C89BD /* Products */ = {
			isa = PBXGroup;
			children = (
				ADBE3CD2266E9F02009C89BD /* art.app */,
				ADBE3CEB266E9F02009C89BD /* artTests.xctest */,
				ADBE3CF6266E9F02009C89BD /* artUITests.xctest */,
			);
			name = Products;
			sourceTree = "<group>";
		};
		ADBE3CD4266E9F02009C89BD /* art */ = {
			isa = PBXGroup;
			children = (
				ADBE3D08266EA20B009C89BD /* Model */,
				ADBE3CD5266E9F02009C89BD /* AppDelegate.swift */,
				ADBE3CD7266E9F02009C89BD /* SceneDelegate.swift */,
				ADBE3CD9266E9F02009C89BD /* ViewController.swift */,
				ADBE3D12266EA2EF009C89BD /* ShopViewController.swift */,
				ADBE3D14266EA5A4009C89BD /* ShopListTableViewCell.swift */,
				ADA0CFEC266EB82000F1F958 /* AddItemViewController.swift */,
				ADBE3CDB266E9F02009C89BD /* Main.storyboard */,
				ADBE3CE1266E9F02009C89BD /* Assets.xcassets */,
				ADBE3CE3266E9F02009C89BD /* LaunchScreen.storyboard */,
				ADBE3CE6266E9F02009C89BD /* Info.plist */,
				ADA0CFF0266F4E1600F1F958 /* GoogleService-Info.plist */,
				ADBE3CDE266E9F02009C89BD /* art.xcdatamodeld */,
				AD1F23D0267FB0D900515391 /* AccountViewController.swift */,
				AD1F23D2267FB39D00515391 /* AccountItemTableViewCell.swift */,
				84998A6D26810DDB009084B9 /* ViewItemViewController.swift */,
				AD1F23D426811F4D00515391 /* LoginViewController.swift */,
				AD1F23D626811F8100515391 /* RegisterViewController.swift */,
				AD0075BD26872E9C0050C566 /* MyItemsViewController.swift */,
			);
			path = art;
			sourceTree = "<group>";
		};
		ADBE3CEE266E9F02009C89BD /* artTests */ = {
			isa = PBXGroup;
			children = (
				ADBE3CEF266E9F02009C89BD /* artTests.swift */,
				ADBE3CF1266E9F02009C89BD /* Info.plist */,
			);
			path = artTests;
			sourceTree = "<group>";
		};
		ADBE3CF9266E9F02009C89BD /* artUITests */ = {
			isa = PBXGroup;
			children = (
				ADBE3CFA266E9F02009C89BD /* artUITests.swift */,
				ADBE3CFC266E9F02009C89BD /* Info.plist */,
			);
			path = artUITests;
			sourceTree = "<group>";
		};
		ADBE3D08266EA20B009C89BD /* Model */ = {
			isa = PBXGroup;
			children = (
				ADBE3D10266EA27B009C89BD /* Model.swift */,
				ADA0CFE8266EB75A00F1F958 /* Item+CoreDataClass.swift */,
				ADA0CFE9266EB75A00F1F958 /* Item+CoreDataProperties.swift */,
				ADA0CFE5266EB72A00F1F958 /* ItemModel.xcdatamodeld */,
				AD53DE86266F560100AA81E3 /* ModelFirebase.swift */,
			);
			path = Model;
			sourceTree = "<group>";
		};
		FCE29242C5BF3F380AD944F7 /* Frameworks */ = {
			isa = PBXGroup;
			children = (
				E28B3C26495BA8903D6DD067 /* Pods_art.framework */,
				F595D08D358FDB2451A3B6F8 /* Pods_art_artUITests.framework */,
				7D960F12BE30B7015EB8546D /* Pods_artTests.framework */,
			);
			name = Frameworks;
			sourceTree = "<group>";
		};
/* End PBXGroup section */

/* Begin PBXNativeTarget section */
		ADBE3CD1266E9F02009C89BD /* art */ = {
			isa = PBXNativeTarget;
			buildConfigurationList = ADBE3CFF266E9F02009C89BD /* Build configuration list for PBXNativeTarget "art" */;
			buildPhases = (
				A5E3ADA8DDC171E0A2BA7AD2 /* [CP] Check Pods Manifest.lock */,
				ADBE3CCE266E9F02009C89BD /* Sources */,
				ADBE3CCF266E9F02009C89BD /* Frameworks */,
				ADBE3CD0266E9F02009C89BD /* Resources */,
				502AF717515E41BAA6024C22 /* [CP] Embed Pods Frameworks */,
			);
			buildRules = (
			);
			dependencies = (
			);
			name = art;
			packageProductDependencies = (
				84D70F7A267BAC9200A6ABF5 /* Kingfisher */,
			);
			productName = art;
			productReference = ADBE3CD2266E9F02009C89BD /* art.app */;
			productType = "com.apple.product-type.application";
		};
		ADBE3CEA266E9F02009C89BD /* artTests */ = {
			isa = PBXNativeTarget;
			buildConfigurationList = ADBE3D02266E9F02009C89BD /* Build configuration list for PBXNativeTarget "artTests" */;
			buildPhases = (
				9B6299BB91A1C5CB76CDEE62 /* [CP] Check Pods Manifest.lock */,
				ADBE3CE7266E9F02009C89BD /* Sources */,
				ADBE3CE8266E9F02009C89BD /* Frameworks */,
				ADBE3CE9266E9F02009C89BD /* Resources */,
			);
			buildRules = (
			);
			dependencies = (
				ADBE3CED266E9F02009C89BD /* PBXTargetDependency */,
			);
			name = artTests;
			productName = artTests;
			productReference = ADBE3CEB266E9F02009C89BD /* artTests.xctest */;
			productType = "com.apple.product-type.bundle.unit-test";
		};
		ADBE3CF5266E9F02009C89BD /* artUITests */ = {
			isa = PBXNativeTarget;
			buildConfigurationList = ADBE3D05266E9F02009C89BD /* Build configuration list for PBXNativeTarget "artUITests" */;
			buildPhases = (
				B0970B44CB8A60100BA1BAFF /* [CP] Check Pods Manifest.lock */,
				ADBE3CF2266E9F02009C89BD /* Sources */,
				ADBE3CF3266E9F02009C89BD /* Frameworks */,
				ADBE3CF4266E9F02009C89BD /* Resources */,
				E29B7911B683382E427CCFCD /* [CP] Embed Pods Frameworks */,
			);
			buildRules = (
			);
			dependencies = (
				ADBE3CF8266E9F02009C89BD /* PBXTargetDependency */,
			);
			name = artUITests;
			productName = artUITests;
			productReference = ADBE3CF6266E9F02009C89BD /* artUITests.xctest */;
			productType = "com.apple.product-type.bundle.ui-testing";
		};
/* End PBXNativeTarget section */

/* Begin PBXProject section */
		ADBE3CCA266E9F01009C89BD /* Project object */ = {
			isa = PBXProject;
			attributes = {
				LastSwiftUpdateCheck = 1250;
				LastUpgradeCheck = 1250;
				TargetAttributes = {
					ADBE3CD1266E9F02009C89BD = {
						CreatedOnToolsVersion = 12.5;
					};
					ADBE3CEA266E9F02009C89BD = {
						CreatedOnToolsVersion = 12.5;
						TestTargetID = ADBE3CD1266E9F02009C89BD;
					};
					ADBE3CF5266E9F02009C89BD = {
						CreatedOnToolsVersion = 12.5;
						TestTargetID = ADBE3CD1266E9F02009C89BD;
					};
				};
			};
			buildConfigurationList = ADBE3CCD266E9F01009C89BD /* Build configuration list for PBXProject "art" */;
			compatibilityVersion = "Xcode 9.3";
			developmentRegion = en;
			hasScannedForEncodings = 0;
			knownRegions = (
				en,
				Base,
			);
			mainGroup = ADBE3CC9266E9F01009C89BD;
			packageReferences = (
				84D70F79267BAC9100A6ABF5 /* XCRemoteSwiftPackageReference "Kingfisher" */,
			);
			productRefGroup = ADBE3CD3266E9F02009C89BD /* Products */;
			projectDirPath = "";
			projectRoot = "";
			targets = (
				ADBE3CD1266E9F02009C89BD /* art */,
				ADBE3CEA266E9F02009C89BD /* artTests */,
				ADBE3CF5266E9F02009C89BD /* artUITests */,
			);
		};
/* End PBXProject section */

/* Begin PBXResourcesBuildPhase section */
		ADBE3CD0266E9F02009C89BD /* Resources */ = {
			isa = PBXResourcesBuildPhase;
			buildActionMask = 2147483647;
			files = (
				ADBE3CE5266E9F02009C89BD /* LaunchScreen.storyboard in Resources */,
				ADA0CFF1266F4E1600F1F958 /* GoogleService-Info.plist in Resources */,
				ADBE3CE2266E9F02009C89BD /* Assets.xcassets in Resources */,
				ADBE3CDD266E9F02009C89BD /* Main.storyboard in Resources */,
			);
			runOnlyForDeploymentPostprocessing = 0;
		};
		ADBE3CE9266E9F02009C89BD /* Resources */ = {
			isa = PBXResourcesBuildPhase;
			buildActionMask = 2147483647;
			files = (
			);
			runOnlyForDeploymentPostprocessing = 0;
		};
		ADBE3CF4266E9F02009C89BD /* Resources */ = {
			isa = PBXResourcesBuildPhase;
			buildActionMask = 2147483647;
			files = (
			);
			runOnlyForDeploymentPostprocessing = 0;
		};
/* End PBXResourcesBuildPhase section */

/* Begin PBXShellScriptBuildPhase section */
		502AF717515E41BAA6024C22 /* [CP] Embed Pods Frameworks */ = {
			isa = PBXShellScriptBuildPhase;
			buildActionMask = 2147483647;
			files = (
			);
			inputFileListPaths = (
				"${PODS_ROOT}/Target Support Files/Pods-art/Pods-art-frameworks-${CONFIGURATION}-input-files.xcfilelist",
			);
			name = "[CP] Embed Pods Frameworks";
			outputFileListPaths = (
				"${PODS_ROOT}/Target Support Files/Pods-art/Pods-art-frameworks-${CONFIGURATION}-output-files.xcfilelist",
			);
			runOnlyForDeploymentPostprocessing = 0;
			shellPath = /bin/sh;
			shellScript = "\"${PODS_ROOT}/Target Support Files/Pods-art/Pods-art-frameworks.sh\"\n";
			showEnvVarsInLog = 0;
		};
		9B6299BB91A1C5CB76CDEE62 /* [CP] Check Pods Manifest.lock */ = {
			isa = PBXShellScriptBuildPhase;
			buildActionMask = 2147483647;
			files = (
			);
			inputFileListPaths = (
			);
			inputPaths = (
				"${PODS_PODFILE_DIR_PATH}/Podfile.lock",
				"${PODS_ROOT}/Manifest.lock",
			);
			name = "[CP] Check Pods Manifest.lock";
			outputFileListPaths = (
			);
			outputPaths = (
				"$(DERIVED_FILE_DIR)/Pods-artTests-checkManifestLockResult.txt",
			);
			runOnlyForDeploymentPostprocessing = 0;
			shellPath = /bin/sh;
			shellScript = "diff \"${PODS_PODFILE_DIR_PATH}/Podfile.lock\" \"${PODS_ROOT}/Manifest.lock\" > /dev/null\nif [ $? != 0 ] ; then\n    # print error to STDERR\n    echo \"error: The sandbox is not in sync with the Podfile.lock. Run 'pod install' or update your CocoaPods installation.\" >&2\n    exit 1\nfi\n# This output is used by Xcode 'outputs' to avoid re-running this script phase.\necho \"SUCCESS\" > \"${SCRIPT_OUTPUT_FILE_0}\"\n";
			showEnvVarsInLog = 0;
		};
		A5E3ADA8DDC171E0A2BA7AD2 /* [CP] Check Pods Manifest.lock */ = {
			isa = PBXShellScriptBuildPhase;
			buildActionMask = 2147483647;
			files = (
			);
			inputFileListPaths = (
			);
			inputPaths = (
				"${PODS_PODFILE_DIR_PATH}/Podfile.lock",
				"${PODS_ROOT}/Manifest.lock",
			);
			name = "[CP] Check Pods Manifest.lock";
			outputFileListPaths = (
			);
			outputPaths = (
				"$(DERIVED_FILE_DIR)/Pods-art-checkManifestLockResult.txt",
			);
			runOnlyForDeploymentPostprocessing = 0;
			shellPath = /bin/sh;
			shellScript = "diff \"${PODS_PODFILE_DIR_PATH}/Podfile.lock\" \"${PODS_ROOT}/Manifest.lock\" > /dev/null\nif [ $? != 0 ] ; then\n    # print error to STDERR\n    echo \"error: The sandbox is not in sync with the Podfile.lock. Run 'pod install' or update your CocoaPods installation.\" >&2\n    exit 1\nfi\n# This output is used by Xcode 'outputs' to avoid re-running this script phase.\necho \"SUCCESS\" > \"${SCRIPT_OUTPUT_FILE_0}\"\n";
			showEnvVarsInLog = 0;
		};
		B0970B44CB8A60100BA1BAFF /* [CP] Check Pods Manifest.lock */ = {
			isa = PBXShellScriptBuildPhase;
			buildActionMask = 2147483647;
			files = (
			);
			inputFileListPaths = (
			);
			inputPaths = (
				"${PODS_PODFILE_DIR_PATH}/Podfile.lock",
				"${PODS_ROOT}/Manifest.lock",
			);
			name = "[CP] Check Pods Manifest.lock";
			outputFileListPaths = (
			);
			outputPaths = (
				"$(DERIVED_FILE_DIR)/Pods-art-artUITests-checkManifestLockResult.txt",
			);
			runOnlyForDeploymentPostprocessing = 0;
			shellPath = /bin/sh;
			shellScript = "diff \"${PODS_PODFILE_DIR_PATH}/Podfile.lock\" \"${PODS_ROOT}/Manifest.lock\" > /dev/null\nif [ $? != 0 ] ; then\n    # print error to STDERR\n    echo \"error: The sandbox is not in sync with the Podfile.lock. Run 'pod install' or update your CocoaPods installation.\" >&2\n    exit 1\nfi\n# This output is used by Xcode 'outputs' to avoid re-running this script phase.\necho \"SUCCESS\" > \"${SCRIPT_OUTPUT_FILE_0}\"\n";
			showEnvVarsInLog = 0;
		};
		E29B7911B683382E427CCFCD /* [CP] Embed Pods Frameworks */ = {
			isa = PBXShellScriptBuildPhase;
			buildActionMask = 2147483647;
			files = (
			);
			inputFileListPaths = (
				"${PODS_ROOT}/Target Support Files/Pods-art-artUITests/Pods-art-artUITests-frameworks-${CONFIGURATION}-input-files.xcfilelist",
			);
			name = "[CP] Embed Pods Frameworks";
			outputFileListPaths = (
				"${PODS_ROOT}/Target Support Files/Pods-art-artUITests/Pods-art-artUITests-frameworks-${CONFIGURATION}-output-files.xcfilelist",
			);
			runOnlyForDeploymentPostprocessing = 0;
			shellPath = /bin/sh;
			shellScript = "\"${PODS_ROOT}/Target Support Files/Pods-art-artUITests/Pods-art-artUITests-frameworks.sh\"\n";
			showEnvVarsInLog = 0;
		};
/* End PBXShellScriptBuildPhase section */

/* Begin PBXSourcesBuildPhase section */
		ADBE3CCE266E9F02009C89BD /* Sources */ = {
			isa = PBXSourcesBuildPhase;
			buildActionMask = 2147483647;
			files = (
				ADBE3CDA266E9F02009C89BD /* ViewController.swift in Sources */,
				ADBE3CD6266E9F02009C89BD /* AppDelegate.swift in Sources */,
				AD1F23D1267FB0D900515391 /* AccountViewController.swift in Sources */,
				AD1F23D526811F4D00515391 /* LoginViewController.swift in Sources */,
				ADBE3D13266EA2EF009C89BD /* ShopViewController.swift in Sources */,
				AD0075BE26872E9C0050C566 /* MyItemsViewController.swift in Sources */,
				ADA0CFEA266EB75A00F1F958 /* Item+CoreDataClass.swift in Sources */,
				84998A6E26810DDB009084B9 /* ViewItemViewController.swift in Sources */,
				AD53DE87266F560100AA81E3 /* ModelFirebase.swift in Sources */,
				ADA0CFEB266EB75A00F1F958 /* Item+CoreDataProperties.swift in Sources */,
				ADBE3CD8266E9F02009C89BD /* SceneDelegate.swift in Sources */,
				AD1F23D3267FB39D00515391 /* AccountItemTableViewCell.swift in Sources */,
				ADBE3D15266EA5A4009C89BD /* ShopListTableViewCell.swift in Sources */,
				AD1F23D726811F8100515391 /* RegisterViewController.swift in Sources */,
				ADBE3CE0266E9F02009C89BD /* art.xcdatamodeld in Sources */,
				ADA0CFE7266EB72A00F1F958 /* ItemModel.xcdatamodeld in Sources */,
				ADBE3D11266EA27B009C89BD /* Model.swift in Sources */,
				ADA0CFED266EB82000F1F958 /* AddItemViewController.swift in Sources */,
			);
			runOnlyForDeploymentPostprocessing = 0;
		};
		ADBE3CE7266E9F02009C89BD /* Sources */ = {
			isa = PBXSourcesBuildPhase;
			buildActionMask = 2147483647;
			files = (
				ADBE3CF0266E9F02009C89BD /* artTests.swift in Sources */,
			);
			runOnlyForDeploymentPostprocessing = 0;
		};
		ADBE3CF2266E9F02009C89BD /* Sources */ = {
			isa = PBXSourcesBuildPhase;
			buildActionMask = 2147483647;
			files = (
				ADBE3CFB266E9F02009C89BD /* artUITests.swift in Sources */,
			);
			runOnlyForDeploymentPostprocessing = 0;
		};
/* End PBXSourcesBuildPhase section */

/* Begin PBXTargetDependency section */
		ADBE3CED266E9F02009C89BD /* PBXTargetDependency */ = {
			isa = PBXTargetDependency;
			target = ADBE3CD1266E9F02009C89BD /* art */;
			targetProxy = ADBE3CEC266E9F02009C89BD /* PBXContainerItemProxy */;
		};
		ADBE3CF8266E9F02009C89BD /* PBXTargetDependency */ = {
			isa = PBXTargetDependency;
			target = ADBE3CD1266E9F02009C89BD /* art */;
			targetProxy = ADBE3CF7266E9F02009C89BD /* PBXContainerItemProxy */;
		};
/* End PBXTargetDependency section */

/* Begin PBXVariantGroup section */
		ADBE3CDB266E9F02009C89BD /* Main.storyboard */ = {
			isa = PBXVariantGroup;
			children = (
				ADBE3CDC266E9F02009C89BD /* Base */,
			);
			name = Main.storyboard;
			sourceTree = "<group>";
		};
		ADBE3CE3266E9F02009C89BD /* LaunchScreen.storyboard */ = {
			isa = PBXVariantGroup;
			children = (
				ADBE3CE4266E9F02009C89BD /* Base */,
			);
			name = LaunchScreen.storyboard;
			sourceTree = "<group>";
		};
/* End PBXVariantGroup section */

/* Begin XCBuildConfiguration section */
		ADBE3CFD266E9F02009C89BD /* Debug */ = {
			isa = XCBuildConfiguration;
			buildSettings = {
				ALWAYS_SEARCH_USER_PATHS = NO;
				CLANG_ANALYZER_NONNULL = YES;
				CLANG_ANALYZER_NUMBER_OBJECT_CONVERSION = YES_AGGRESSIVE;
				CLANG_CXX_LANGUAGE_STANDARD = "gnu++14";
				CLANG_CXX_LIBRARY = "libc++";
				CLANG_ENABLE_MODULES = YES;
				CLANG_ENABLE_OBJC_ARC = YES;
				CLANG_ENABLE_OBJC_WEAK = YES;
				CLANG_WARN_BLOCK_CAPTURE_AUTORELEASING = YES;
				CLANG_WARN_BOOL_CONVERSION = YES;
				CLANG_WARN_COMMA = YES;
				CLANG_WARN_CONSTANT_CONVERSION = YES;
				CLANG_WARN_DEPRECATED_OBJC_IMPLEMENTATIONS = YES;
				CLANG_WARN_DIRECT_OBJC_ISA_USAGE = YES_ERROR;
				CLANG_WARN_DOCUMENTATION_COMMENTS = YES;
				CLANG_WARN_EMPTY_BODY = YES;
				CLANG_WARN_ENUM_CONVERSION = YES;
				CLANG_WARN_INFINITE_RECURSION = YES;
				CLANG_WARN_INT_CONVERSION = YES;
				CLANG_WARN_NON_LITERAL_NULL_CONVERSION = YES;
				CLANG_WARN_OBJC_IMPLICIT_RETAIN_SELF = YES;
				CLANG_WARN_OBJC_LITERAL_CONVERSION = YES;
				CLANG_WARN_OBJC_ROOT_CLASS = YES_ERROR;
				CLANG_WARN_QUOTED_INCLUDE_IN_FRAMEWORK_HEADER = YES;
				CLANG_WARN_RANGE_LOOP_ANALYSIS = YES;
				CLANG_WARN_STRICT_PROTOTYPES = YES;
				CLANG_WARN_SUSPICIOUS_MOVE = YES;
				CLANG_WARN_UNGUARDED_AVAILABILITY = YES_AGGRESSIVE;
				CLANG_WARN_UNREACHABLE_CODE = YES;
				CLANG_WARN__DUPLICATE_METHOD_MATCH = YES;
				COPY_PHASE_STRIP = NO;
				DEBUG_INFORMATION_FORMAT = dwarf;
				ENABLE_STRICT_OBJC_MSGSEND = YES;
				ENABLE_TESTABILITY = YES;
				GCC_C_LANGUAGE_STANDARD = gnu11;
				GCC_DYNAMIC_NO_PIC = NO;
				GCC_NO_COMMON_BLOCKS = YES;
				GCC_OPTIMIZATION_LEVEL = 0;
				GCC_PREPROCESSOR_DEFINITIONS = (
					"DEBUG=1",
					"$(inherited)",
				);
				GCC_WARN_64_TO_32_BIT_CONVERSION = YES;
				GCC_WARN_ABOUT_RETURN_TYPE = YES_ERROR;
				GCC_WARN_UNDECLARED_SELECTOR = YES;
				GCC_WARN_UNINITIALIZED_AUTOS = YES_AGGRESSIVE;
				GCC_WARN_UNUSED_FUNCTION = YES;
				GCC_WARN_UNUSED_VARIABLE = YES;
				IPHONEOS_DEPLOYMENT_TARGET = 14.5;
				MTL_ENABLE_DEBUG_INFO = INCLUDE_SOURCE;
				MTL_FAST_MATH = YES;
				ONLY_ACTIVE_ARCH = YES;
				SDKROOT = iphoneos;
				SWIFT_ACTIVE_COMPILATION_CONDITIONS = DEBUG;
				SWIFT_OPTIMIZATION_LEVEL = "-Onone";
			};
			name = Debug;
		};
		ADBE3CFE266E9F02009C89BD /* Release */ = {
			isa = XCBuildConfiguration;
			buildSettings = {
				ALWAYS_SEARCH_USER_PATHS = NO;
				CLANG_ANALYZER_NONNULL = YES;
				CLANG_ANALYZER_NUMBER_OBJECT_CONVERSION = YES_AGGRESSIVE;
				CLANG_CXX_LANGUAGE_STANDARD = "gnu++14";
				CLANG_CXX_LIBRARY = "libc++";
				CLANG_ENABLE_MODULES = YES;
				CLANG_ENABLE_OBJC_ARC = YES;
				CLANG_ENABLE_OBJC_WEAK = YES;
				CLANG_WARN_BLOCK_CAPTURE_AUTORELEASING = YES;
				CLANG_WARN_BOOL_CONVERSION = YES;
				CLANG_WARN_COMMA = YES;
				CLANG_WARN_CONSTANT_CONVERSION = YES;
				CLANG_WARN_DEPRECATED_OBJC_IMPLEMENTATIONS = YES;
				CLANG_WARN_DIRECT_OBJC_ISA_USAGE = YES_ERROR;
				CLANG_WARN_DOCUMENTATION_COMMENTS = YES;
				CLANG_WARN_EMPTY_BODY = YES;
				CLANG_WARN_ENUM_CONVERSION = YES;
				CLANG_WARN_INFINITE_RECURSION = YES;
				CLANG_WARN_INT_CONVERSION = YES;
				CLANG_WARN_NON_LITERAL_NULL_CONVERSION = YES;
				CLANG_WARN_OBJC_IMPLICIT_RETAIN_SELF = YES;
				CLANG_WARN_OBJC_LITERAL_CONVERSION = YES;
				CLANG_WARN_OBJC_ROOT_CLASS = YES_ERROR;
				CLANG_WARN_QUOTED_INCLUDE_IN_FRAMEWORK_HEADER = YES;
				CLANG_WARN_RANGE_LOOP_ANALYSIS = YES;
				CLANG_WARN_STRICT_PROTOTYPES = YES;
				CLANG_WARN_SUSPICIOUS_MOVE = YES;
				CLANG_WARN_UNGUARDED_AVAILABILITY = YES_AGGRESSIVE;
				CLANG_WARN_UNREACHABLE_CODE = YES;
				CLANG_WARN__DUPLICATE_METHOD_MATCH = YES;
				COPY_PHASE_STRIP = NO;
				DEBUG_INFORMATION_FORMAT = "dwarf-with-dsym";
				ENABLE_NS_ASSERTIONS = NO;
				ENABLE_STRICT_OBJC_MSGSEND = YES;
				GCC_C_LANGUAGE_STANDARD = gnu11;
				GCC_NO_COMMON_BLOCKS = YES;
				GCC_WARN_64_TO_32_BIT_CONVERSION = YES;
				GCC_WARN_ABOUT_RETURN_TYPE = YES_ERROR;
				GCC_WARN_UNDECLARED_SELECTOR = YES;
				GCC_WARN_UNINITIALIZED_AUTOS = YES_AGGRESSIVE;
				GCC_WARN_UNUSED_FUNCTION = YES;
				GCC_WARN_UNUSED_VARIABLE = YES;
				IPHONEOS_DEPLOYMENT_TARGET = 14.5;
				MTL_ENABLE_DEBUG_INFO = NO;
				MTL_FAST_MATH = YES;
				SDKROOT = iphoneos;
				SWIFT_COMPILATION_MODE = wholemodule;
				SWIFT_OPTIMIZATION_LEVEL = "-O";
				VALIDATE_PRODUCT = YES;
			};
			name = Release;
		};
		ADBE3D00266E9F02009C89BD /* Debug */ = {
			isa = XCBuildConfiguration;
			baseConfigurationReference = C566EAF6694D7B38FEBDA7F0 /* Pods-art.debug.xcconfig */;
			buildSettings = {
				ASSETCATALOG_COMPILER_APPICON_NAME = AppIcon;
				ASSETCATALOG_COMPILER_GLOBAL_ACCENT_COLOR_NAME = AccentColor;
				CODE_SIGN_STYLE = Automatic;
				DEVELOPMENT_TEAM = YZ46KVX9KD;
				INFOPLIST_FILE = art/Info.plist;
				IPHONEOS_DEPLOYMENT_TARGET = 14.3;
				LD_RUNPATH_SEARCH_PATHS = (
					"$(inherited)",
					"@executable_path/Frameworks",
				);
				PRODUCT_BUNDLE_IDENTIFIER = "Itamar-Marom.art";
				PRODUCT_NAME = "$(TARGET_NAME)";
				SWIFT_VERSION = 5.0;
				TARGETED_DEVICE_FAMILY = "1,2";
			};
			name = Debug;
		};
		ADBE3D01266E9F02009C89BD /* Release */ = {
			isa = XCBuildConfiguration;
			baseConfigurationReference = 182F393CF7DDF3B7322CB1A5 /* Pods-art.release.xcconfig */;
			buildSettings = {
				ASSETCATALOG_COMPILER_APPICON_NAME = AppIcon;
				ASSETCATALOG_COMPILER_GLOBAL_ACCENT_COLOR_NAME = AccentColor;
				CODE_SIGN_STYLE = Automatic;
				DEVELOPMENT_TEAM = YZ46KVX9KD;
				INFOPLIST_FILE = art/Info.plist;
				IPHONEOS_DEPLOYMENT_TARGET = 14.3;
				LD_RUNPATH_SEARCH_PATHS = (
					"$(inherited)",
					"@executable_path/Frameworks",
				);
				PRODUCT_BUNDLE_IDENTIFIER = "Itamar-Marom.art";
				PRODUCT_NAME = "$(TARGET_NAME)";
				SWIFT_VERSION = 5.0;
				TARGETED_DEVICE_FAMILY = "1,2";
			};
			name = Release;
		};
		ADBE3D03266E9F02009C89BD /* Debug */ = {
			isa = XCBuildConfiguration;
			baseConfigurationReference = 0C3C0B866A9C49C8491CBD41 /* Pods-artTests.debug.xcconfig */;
			buildSettings = {
				ALWAYS_EMBED_SWIFT_STANDARD_LIBRARIES = YES;
				BUNDLE_LOADER = "$(TEST_HOST)";
				CODE_SIGN_STYLE = Automatic;
				DEVELOPMENT_TEAM = YZ46KVX9KD;
				INFOPLIST_FILE = artTests/Info.plist;
				IPHONEOS_DEPLOYMENT_TARGET = 14.5;
				LD_RUNPATH_SEARCH_PATHS = (
					"$(inherited)",
					"@executable_path/Frameworks",
					"@loader_path/Frameworks",
				);
				PRODUCT_BUNDLE_IDENTIFIER = "Itamar-Marom.artTests";
				PRODUCT_NAME = "$(TARGET_NAME)";
				SWIFT_VERSION = 5.0;
				TARGETED_DEVICE_FAMILY = "1,2";
				TEST_HOST = "$(BUILT_PRODUCTS_DIR)/art.app/art";
			};
			name = Debug;
		};
		ADBE3D04266E9F02009C89BD /* Release */ = {
			isa = XCBuildConfiguration;
			baseConfigurationReference = 9C22B8A8E5DC4BE679A84102 /* Pods-artTests.release.xcconfig */;
			buildSettings = {
				ALWAYS_EMBED_SWIFT_STANDARD_LIBRARIES = YES;
				BUNDLE_LOADER = "$(TEST_HOST)";
				CODE_SIGN_STYLE = Automatic;
				DEVELOPMENT_TEAM = YZ46KVX9KD;
				INFOPLIST_FILE = artTests/Info.plist;
				IPHONEOS_DEPLOYMENT_TARGET = 14.5;
				LD_RUNPATH_SEARCH_PATHS = (
					"$(inherited)",
					"@executable_path/Frameworks",
					"@loader_path/Frameworks",
				);
				PRODUCT_BUNDLE_IDENTIFIER = "Itamar-Marom.artTests";
				PRODUCT_NAME = "$(TARGET_NAME)";
				SWIFT_VERSION = 5.0;
				TARGETED_DEVICE_FAMILY = "1,2";
				TEST_HOST = "$(BUILT_PRODUCTS_DIR)/art.app/art";
			};
			name = Release;
		};
		ADBE3D06266E9F02009C89BD /* Debug */ = {
			isa = XCBuildConfiguration;
			baseConfigurationReference = 06AE794D797A165651DF47E2 /* Pods-art-artUITests.debug.xcconfig */;
			buildSettings = {
				ALWAYS_EMBED_SWIFT_STANDARD_LIBRARIES = YES;
				CODE_SIGN_STYLE = Automatic;
				DEVELOPMENT_TEAM = YZ46KVX9KD;
				INFOPLIST_FILE = artUITests/Info.plist;
				LD_RUNPATH_SEARCH_PATHS = (
					"$(inherited)",
					"@executable_path/Frameworks",
					"@loader_path/Frameworks",
				);
				PRODUCT_BUNDLE_IDENTIFIER = "Itamar-Marom.artUITests";
				PRODUCT_NAME = "$(TARGET_NAME)";
				SWIFT_VERSION = 5.0;
				TARGETED_DEVICE_FAMILY = "1,2";
				TEST_TARGET_NAME = art;
			};
			name = Debug;
		};
		ADBE3D07266E9F02009C89BD /* Release */ = {
			isa = XCBuildConfiguration;
			baseConfigurationReference = 7978FEE22AE9455DC64CEEC5 /* Pods-art-artUITests.release.xcconfig */;
			buildSettings = {
				ALWAYS_EMBED_SWIFT_STANDARD_LIBRARIES = YES;
				CODE_SIGN_STYLE = Automatic;
				DEVELOPMENT_TEAM = YZ46KVX9KD;
				INFOPLIST_FILE = artUITests/Info.plist;
				LD_RUNPATH_SEARCH_PATHS = (
					"$(inherited)",
					"@executable_path/Frameworks",
					"@loader_path/Frameworks",
				);
				PRODUCT_BUNDLE_IDENTIFIER = "Itamar-Marom.artUITests";
				PRODUCT_NAME = "$(TARGET_NAME)";
				SWIFT_VERSION = 5.0;
				TARGETED_DEVICE_FAMILY = "1,2";
				TEST_TARGET_NAME = art;
			};
			name = Release;
		};
/* End XCBuildConfiguration section */

/* Begin XCConfigurationList section */
		ADBE3CCD266E9F01009C89BD /* Build configuration list for PBXProject "art" */ = {
			isa = XCConfigurationList;
			buildConfigurations = (
				ADBE3CFD266E9F02009C89BD /* Debug */,
				ADBE3CFE266E9F02009C89BD /* Release */,
			);
			defaultConfigurationIsVisible = 0;
			defaultConfigurationName = Release;
		};
		ADBE3CFF266E9F02009C89BD /* Build configuration list for PBXNativeTarget "art" */ = {
			isa = XCConfigurationList;
			buildConfigurations = (
				ADBE3D00266E9F02009C89BD /* Debug */,
				ADBE3D01266E9F02009C89BD /* Release */,
			);
			defaultConfigurationIsVisible = 0;
			defaultConfigurationName = Release;
		};
		ADBE3D02266E9F02009C89BD /* Build configuration list for PBXNativeTarget "artTests" */ = {
			isa = XCConfigurationList;
			buildConfigurations = (
				ADBE3D03266E9F02009C89BD /* Debug */,
				ADBE3D04266E9F02009C89BD /* Release */,
			);
			defaultConfigurationIsVisible = 0;
			defaultConfigurationName = Release;
		};
		ADBE3D05266E9F02009C89BD /* Build configuration list for PBXNativeTarget "artUITests" */ = {
			isa = XCConfigurationList;
			buildConfigurations = (
				ADBE3D06266E9F02009C89BD /* Debug */,
				ADBE3D07266E9F02009C89BD /* Release */,
			);
			defaultConfigurationIsVisible = 0;
			defaultConfigurationName = Release;
		};
/* End XCConfigurationList section */

/* Begin XCRemoteSwiftPackageReference section */
		84D70F79267BAC9100A6ABF5 /* XCRemoteSwiftPackageReference "Kingfisher" */ = {
			isa = XCRemoteSwiftPackageReference;
			repositoryURL = "https://github.com/onevcat/Kingfisher.git";
			requirement = {
				kind = upToNextMajorVersion;
				minimumVersion = 6.3.0;
			};
		};
/* End XCRemoteSwiftPackageReference section */

/* Begin XCSwiftPackageProductDependency section */
		84D70F7A267BAC9200A6ABF5 /* Kingfisher */ = {
			isa = XCSwiftPackageProductDependency;
			package = 84D70F79267BAC9100A6ABF5 /* XCRemoteSwiftPackageReference "Kingfisher" */;
			productName = Kingfisher;
		};
/* End XCSwiftPackageProductDependency section */

/* Begin XCVersionGroup section */
		ADA0CFE5266EB72A00F1F958 /* ItemModel.xcdatamodeld */ = {
			isa = XCVersionGroup;
			children = (
				ADA0CFE6266EB72A00F1F958 /* ItemModel.xcdatamodel */,
			);
			currentVersion = ADA0CFE6266EB72A00F1F958 /* ItemModel.xcdatamodel */;
			path = ItemModel.xcdatamodeld;
			sourceTree = "<group>";
			versionGroupType = wrapper.xcdatamodel;
		};
		ADBE3CDE266E9F02009C89BD /* art.xcdatamodeld */ = {
			isa = XCVersionGroup;
			children = (
				ADBE3CDF266E9F02009C89BD /* art.xcdatamodel */,
			);
			currentVersion = ADBE3CDF266E9F02009C89BD /* art.xcdatamodel */;
			path = art.xcdatamodeld;
			sourceTree = "<group>";
			versionGroupType = wrapper.xcdatamodel;
		};
/* End XCVersionGroup section */
	};
	rootObject = ADBE3CCA266E9F01009C89BD /* Project object */;
}
